{
  "version": "3",
  "packages": {
    "specifiers": {
      "jsr:@std/assert@^1.0.2": "jsr:@std/assert@1.0.2",
      "jsr:@std/internal@^1.0.1": "jsr:@std/internal@1.0.1",
      "jsr:@std/ulid@^1.0.0": "jsr:@std/ulid@1.0.0"
    },
    "jsr": {
      "@std/assert@1.0.2": {
        "integrity": "ccacec332958126deaceb5c63ff8b4eaf9f5ed0eac9feccf124110435e59e49c",
        "dependencies": [
          "jsr:@std/internal@^1.0.1"
        ]
      },
      "@std/internal@1.0.1": {
        "integrity": "6f8c7544d06a11dd256c8d6ba54b11ed870aac6c5aeafff499892662c57673e6"
      },
      "@std/ulid@1.0.0": {
        "integrity": "d41c3d27a907714413649fee864b7cde8d42ee68437d22b79d5de4f81d808780"
      }
    }
  },
  "remote": {},
  "workspace": {
    "dependencies": [
      "jsr:@fartlabs/rt@^0.0.3",
      "jsr:@std/assert@^1.0.2",
      "jsr:@std/ulid@^1.0.0",
      "npm:jsonld@^8.3.2"
    ]
  }
}
